
Microsoft Visual Studio Solution File, Format Version 12.00
# Visual Studio Version 17
VisualStudioVersion = 17.13.35931.197 d17.13
MinimumVisualStudioVersion = 10.0.40219.1
Project("{888888A0-9F3D-457C-B088-3A5042F75D52}") = "moduls 2", "moduls 2\moduls 2.pyproj", "{AA958EBA-B29D-453F-8EDC-53C3AF7E3DD9}"
EndProject
Global
	GlobalSection(SolutionConfigurationPlatforms) = preSolution
		Debug|Any CPU = Debug|Any CPU
		Release|Any CPU = Release|Any CPU
	EndGlobalSection
	GlobalSection(ProjectConfigurationPlatforms) = postSolution
		{AA958EBA-B29D-453F-8EDC-53C3AF7E3DD9}.Debug|Any CPU.ActiveCfg = Debug|Any CPU
		{AA958EBA-B29D-453F-8EDC-53C3AF7E3DD9}.Release|Any CPU.ActiveCfg = Release|Any CPU
	EndGlobalSection
	GlobalSection(SolutionProperties) = preSolution
		HideSolutionNode = FALSE
	EndGlobalSection
	GlobalSection(ExtensibilityGlobals) = postSolution
		SolutionGuid = {BA029834-4B3A-4C7D-B3AE-11A6A7ED2817}
	EndGlobalSection
EndGlobal
